
Microsoft Visual Studio Solution File, Format Version 12.00
# Visual Studio Version 17
VisualStudioVersion = 17.13.35828.75
MinimumVisualStudioVersion = 10.0.40219.1
Project("{2150E333-8FDC-42A3-9474-1A3956D46DE8}") = "src", "src", "{02EA681E-C7D8-13C7-8484-4AC65E1B71E8}"
EndProject
Project("{2150E333-8FDC-42A3-9474-1A3956D46DE8}") = "test", "test", "{0F6E716C-8553-4728-9DAC-16EDEFE5C25E}"
EndProject
Project("{2150E333-8FDC-42A3-9474-1A3956D46DE8}") = "documents", "documents", "{F5751812-2CAD-4B5B-82FC-2540BC3F2704}"
EndProject
Project("{FAE04EC0-301F-11D3-BF4B-00C04F79EFBC}") = "Kulku.Domain", "src\Kulku.Domain\Kulku.Domain.csproj", "{B74FE263-DC7E-4BB8-831E-35C9CD9933A7}"
EndProject
Project("{FAE04EC0-301F-11D3-BF4B-00C04F79EFBC}") = "Kulku.Application", "src\Kulku.Application\Kulku.Application.csproj", "{CE6966FF-5BD7-40A8-B871-64F732682B8C}"
EndProject
Project("{FAE04EC0-301F-11D3-BF4B-00C04F79EFBC}") = "Kulku.Infrastructure", "src\Kulku.Infrastructure\Kulku.Infrastructure.csproj", "{B6EB555A-6F65-4A2F-BDC9-15BA2043F4E9}"
EndProject
Project("{FAE04EC0-301F-11D3-BF4B-00C04F79EFBC}") = "Kulku.Web.Api", "src\Kulku.Web\Kulku.Web.Api\Kulku.Web.Api.csproj", "{DE87C198-EB38-4E24-8890-55D6EFD48971}"
EndProject
Project("{FAE04EC0-301F-11D3-BF4B-00C04F79EFBC}") = "Kulku.Web.Admin", "src\Kulku.Web\Kulku.Web.Admin\Kulku.Web.Admin.csproj", "{73AF3C37-4C75-4727-A19C-BEA0264C4387}"
EndProject
Project("{54A90642-561A-4BB1-A94E-469ADEE60C69}") = "kulku.web.client", "src\Kulku.Web\Kulku.Web.Client\kulku.web.client.esproj", "{65F4FDFE-37A3-E9B1-E9BF-446C5E58C856}"
EndProject
Project("{2150E333-8FDC-42A3-9474-1A3956D46DE8}") = "solution", "solution", "{4C50D2E9-D545-4322-8DAB-77BA0C92A1E2}"
	ProjectSection(SolutionItems) = preProject
		.editorconfig = .editorconfig
		.gitattributes = .gitattributes
		.gitignore = .gitignore
		coverlet.runsettings = coverlet.runsettings
		Directory.Build.props = Directory.Build.props
		Directory.Packages.props = Directory.Packages.props
	EndProjectSection
EndProject
Project("{FAE04EC0-301F-11D3-BF4B-00C04F79EFBC}") = "Kulku.Persistence", "src\Kulku.Persistence\Kulku.Persistence\Kulku.Persistence.csproj", "{B15A0F4F-D9DA-4C3A-9081-5A535DAF9851}"
EndProject
Project("{FAE04EC0-301F-11D3-BF4B-00C04F79EFBC}") = "Kulku.Persistence.Pgsql", "src\Kulku.Persistence\Kulku.Persistence.Pgsql\Kulku.Persistence.Pgsql.csproj", "{3B684B6B-0551-4F51-8AF3-E52AEF83A8C0}"
EndProject
Global
	GlobalSection(SolutionConfigurationPlatforms) = preSolution
		Debug|Any CPU = Debug|Any CPU
		Release|Any CPU = Release|Any CPU
	EndGlobalSection
	GlobalSection(ProjectConfigurationPlatforms) = postSolution
		{B74FE263-DC7E-4BB8-831E-35C9CD9933A7}.Debug|Any CPU.ActiveCfg = Debug|Any CPU
		{B74FE263-DC7E-4BB8-831E-35C9CD9933A7}.Debug|Any CPU.Build.0 = Debug|Any CPU
		{B74FE263-DC7E-4BB8-831E-35C9CD9933A7}.Release|Any CPU.ActiveCfg = Release|Any CPU
		{B74FE263-DC7E-4BB8-831E-35C9CD9933A7}.Release|Any CPU.Build.0 = Release|Any CPU
		{CE6966FF-5BD7-40A8-B871-64F732682B8C}.Debug|Any CPU.ActiveCfg = Debug|Any CPU
		{CE6966FF-5BD7-40A8-B871-64F732682B8C}.Debug|Any CPU.Build.0 = Debug|Any CPU
		{CE6966FF-5BD7-40A8-B871-64F732682B8C}.Release|Any CPU.ActiveCfg = Release|Any CPU
		{CE6966FF-5BD7-40A8-B871-64F732682B8C}.Release|Any CPU.Build.0 = Release|Any CPU
		{B6EB555A-6F65-4A2F-BDC9-15BA2043F4E9}.Debug|Any CPU.ActiveCfg = Debug|Any CPU
		{B6EB555A-6F65-4A2F-BDC9-15BA2043F4E9}.Debug|Any CPU.Build.0 = Debug|Any CPU
		{B6EB555A-6F65-4A2F-BDC9-15BA2043F4E9}.Release|Any CPU.ActiveCfg = Release|Any CPU
		{B6EB555A-6F65-4A2F-BDC9-15BA2043F4E9}.Release|Any CPU.Build.0 = Release|Any CPU
		{DE87C198-EB38-4E24-8890-55D6EFD48971}.Debug|Any CPU.ActiveCfg = Debug|Any CPU
		{DE87C198-EB38-4E24-8890-55D6EFD48971}.Debug|Any CPU.Build.0 = Debug|Any CPU
		{DE87C198-EB38-4E24-8890-55D6EFD48971}.Release|Any CPU.ActiveCfg = Release|Any CPU
		{DE87C198-EB38-4E24-8890-55D6EFD48971}.Release|Any CPU.Build.0 = Release|Any CPU
		{73AF3C37-4C75-4727-A19C-BEA0264C4387}.Debug|Any CPU.ActiveCfg = Debug|Any CPU
		{73AF3C37-4C75-4727-A19C-BEA0264C4387}.Debug|Any CPU.Build.0 = Debug|Any CPU
		{73AF3C37-4C75-4727-A19C-BEA0264C4387}.Release|Any CPU.ActiveCfg = Release|Any CPU
		{73AF3C37-4C75-4727-A19C-BEA0264C4387}.Release|Any CPU.Build.0 = Release|Any CPU
		{65F4FDFE-37A3-E9B1-E9BF-446C5E58C856}.Debug|Any CPU.ActiveCfg = Debug|Any CPU
		{65F4FDFE-37A3-E9B1-E9BF-446C5E58C856}.Debug|Any CPU.Build.0 = Debug|Any CPU
		{65F4FDFE-37A3-E9B1-E9BF-446C5E58C856}.Debug|Any CPU.Deploy.0 = Debug|Any CPU
		{65F4FDFE-37A3-E9B1-E9BF-446C5E58C856}.Release|Any CPU.ActiveCfg = Release|Any CPU
		{65F4FDFE-37A3-E9B1-E9BF-446C5E58C856}.Release|Any CPU.Build.0 = Release|Any CPU
		{65F4FDFE-37A3-E9B1-E9BF-446C5E58C856}.Release|Any CPU.Deploy.0 = Release|Any CPU
		{B15A0F4F-D9DA-4C3A-9081-5A535DAF9851}.Debug|Any CPU.ActiveCfg = Debug|Any CPU
		{B15A0F4F-D9DA-4C3A-9081-5A535DAF9851}.Debug|Any CPU.Build.0 = Debug|Any CPU
		{B15A0F4F-D9DA-4C3A-9081-5A535DAF9851}.Release|Any CPU.ActiveCfg = Release|Any CPU
		{B15A0F4F-D9DA-4C3A-9081-5A535DAF9851}.Release|Any CPU.Build.0 = Release|Any CPU
		{3B684B6B-0551-4F51-8AF3-E52AEF83A8C0}.Debug|Any CPU.ActiveCfg = Debug|Any CPU
		{3B684B6B-0551-4F51-8AF3-E52AEF83A8C0}.Debug|Any CPU.Build.0 = Debug|Any CPU
		{3B684B6B-0551-4F51-8AF3-E52AEF83A8C0}.Release|Any CPU.ActiveCfg = Release|Any CPU
		{3B684B6B-0551-4F51-8AF3-E52AEF83A8C0}.Release|Any CPU.Build.0 = Release|Any CPU
	EndGlobalSection
	GlobalSection(SolutionProperties) = preSolution
		HideSolutionNode = FALSE
	EndGlobalSection
	GlobalSection(NestedProjects) = preSolution
		{B74FE263-DC7E-4BB8-831E-35C9CD9933A7} = {02EA681E-C7D8-13C7-8484-4AC65E1B71E8}
		{CE6966FF-5BD7-40A8-B871-64F732682B8C} = {02EA681E-C7D8-13C7-8484-4AC65E1B71E8}
		{B6EB555A-6F65-4A2F-BDC9-15BA2043F4E9} = {02EA681E-C7D8-13C7-8484-4AC65E1B71E8}
		{DE87C198-EB38-4E24-8890-55D6EFD48971} = {02EA681E-C7D8-13C7-8484-4AC65E1B71E8}
		{73AF3C37-4C75-4727-A19C-BEA0264C4387} = {02EA681E-C7D8-13C7-8484-4AC65E1B71E8}
		{65F4FDFE-37A3-E9B1-E9BF-446C5E58C856} = {02EA681E-C7D8-13C7-8484-4AC65E1B71E8}
		{B15A0F4F-D9DA-4C3A-9081-5A535DAF9851} = {02EA681E-C7D8-13C7-8484-4AC65E1B71E8}
		{3B684B6B-0551-4F51-8AF3-E52AEF83A8C0} = {02EA681E-C7D8-13C7-8484-4AC65E1B71E8}
	EndGlobalSection
	GlobalSection(ExtensibilityGlobals) = postSolution
		SolutionGuid = {E558D3BE-431A-46DC-B614-EF829A356AA1}
	EndGlobalSection
EndGlobal
